
Microsoft Visual Studio Solution File, Format Version 12.00
# Visual Studio 15
VisualStudioVersion = 15.0.28307.168
MinimumVisualStudioVersion = 10.0.40219.1
Project("{FAE04EC0-301F-11D3-BF4B-00C04F79EFBC}") = "BoxingStruct", "BoxingStruct\BoxingStruct.csproj", "{BCFA32AC-036B-40BB-9519-C96828FD594E}"
EndProject
Project("{FAE04EC0-301F-11D3-BF4B-00C04F79EFBC}") = "BoxingInterface", "BoxingInterface\BoxingInterface.csproj", "{8C823279-674E-478E-A505-4C5203F4F3B6}"
EndProject
Project("{FAE04EC0-301F-11D3-BF4B-00C04F79EFBC}") = "BoxingExamples", "BoxingExamples\BoxingExamples.csproj", "{AED4262E-11FC-4D09-AF58-531302ACE91A}"
EndProject
Global
	GlobalSection(SolutionConfigurationPlatforms) = preSolution
		Debug|Any CPU = Debug|Any CPU
		Release|Any CPU = Release|Any CPU
	EndGlobalSection
	GlobalSection(ProjectConfigurationPlatforms) = postSolution
		{BCFA32AC-036B-40BB-9519-C96828FD594E}.Debug|Any CPU.ActiveCfg = Debug|Any CPU
		{BCFA32AC-036B-40BB-9519-C96828FD594E}.Debug|Any CPU.Build.0 = Debug|Any CPU
		{BCFA32AC-036B-40BB-9519-C96828FD594E}.Release|Any CPU.ActiveCfg = Release|Any CPU
		{BCFA32AC-036B-40BB-9519-C96828FD594E}.Release|Any CPU.Build.0 = Release|Any CPU
		{8C823279-674E-478E-A505-4C5203F4F3B6}.Debug|Any CPU.ActiveCfg = Debug|Any CPU
		{8C823279-674E-478E-A505-4C5203F4F3B6}.Debug|Any CPU.Build.0 = Debug|Any CPU
		{8C823279-674E-478E-A505-4C5203F4F3B6}.Release|Any CPU.ActiveCfg = Release|Any CPU
		{8C823279-674E-478E-A505-4C5203F4F3B6}.Release|Any CPU.Build.0 = Release|Any CPU
		{AED4262E-11FC-4D09-AF58-531302ACE91A}.Debug|Any CPU.ActiveCfg = Debug|Any CPU
		{AED4262E-11FC-4D09-AF58-531302ACE91A}.Debug|Any CPU.Build.0 = Debug|Any CPU
		{AED4262E-11FC-4D09-AF58-531302ACE91A}.Release|Any CPU.ActiveCfg = Release|Any CPU
		{AED4262E-11FC-4D09-AF58-531302ACE91A}.Release|Any CPU.Build.0 = Release|Any CPU
	EndGlobalSection
	GlobalSection(SolutionProperties) = preSolution
		HideSolutionNode = FALSE
	EndGlobalSection
	GlobalSection(ExtensibilityGlobals) = postSolution
		SolutionGuid = {48775B68-476A-4998-9345-FE240956C9F9}
	EndGlobalSection
EndGlobal
