
Microsoft Visual Studio Solution File, Format Version 12.00
# Visual Studio 15
VisualStudioVersion = 15.0.28307.168
MinimumVisualStudioVersion = 10.0.40219.1
Project("{FAE04EC0-301F-11D3-BF4B-00C04F79EFBC}") = "ValueAndReferenceTypes", "ValueAndReferenceTypes\ValueAndReferenceTypes.csproj", "{0D12B902-DB86-41C4-8B09-9AACDA5C3DDD}"
EndProject
Global
	GlobalSection(SolutionConfigurationPlatforms) = preSolution
		Debug|Any CPU = Debug|Any CPU
		Release|Any CPU = Release|Any CPU
	EndGlobalSection
	GlobalSection(ProjectConfigurationPlatforms) = postSolution
		{0D12B902-DB86-41C4-8B09-9AACDA5C3DDD}.Debug|Any CPU.ActiveCfg = Debug|Any CPU
		{0D12B902-DB86-41C4-8B09-9AACDA5C3DDD}.Debug|Any CPU.Build.0 = Debug|Any CPU
		{0D12B902-DB86-41C4-8B09-9AACDA5C3DDD}.Release|Any CPU.ActiveCfg = Release|Any CPU
		{0D12B902-DB86-41C4-8B09-9AACDA5C3DDD}.Release|Any CPU.Build.0 = Release|Any CPU
	EndGlobalSection
	GlobalSection(SolutionProperties) = preSolution
		HideSolutionNode = FALSE
	EndGlobalSection
	GlobalSection(ExtensibilityGlobals) = postSolution
		SolutionGuid = {53A3E366-93F3-4245-BAB3-0295FB28E0A7}
	EndGlobalSection
EndGlobal
