
Microsoft Visual Studio Solution File, Format Version 12.00
# Visual Studio 15
VisualStudioVersion = 15.0.28307.168
MinimumVisualStudioVersion = 10.0.40219.1
Project("{FAE04EC0-301F-11D3-BF4B-00C04F79EFBC}") = "ConcurrentCollections", "ConcurrentCollections\ConcurrentCollections.csproj", "{0ADE008E-8A82-4FCA-B444-8886AE7215D8}"
EndProject
Global
	GlobalSection(SolutionConfigurationPlatforms) = preSolution
		Debug|Any CPU = Debug|Any CPU
		Release|Any CPU = Release|Any CPU
	EndGlobalSection
	GlobalSection(ProjectConfigurationPlatforms) = postSolution
		{0ADE008E-8A82-4FCA-B444-8886AE7215D8}.Debug|Any CPU.ActiveCfg = Debug|Any CPU
		{0ADE008E-8A82-4FCA-B444-8886AE7215D8}.Debug|Any CPU.Build.0 = Debug|Any CPU
		{0ADE008E-8A82-4FCA-B444-8886AE7215D8}.Release|Any CPU.ActiveCfg = Release|Any CPU
		{0ADE008E-8A82-4FCA-B444-8886AE7215D8}.Release|Any CPU.Build.0 = Release|Any CPU
	EndGlobalSection
	GlobalSection(SolutionProperties) = preSolution
		HideSolutionNode = FALSE
	EndGlobalSection
	GlobalSection(ExtensibilityGlobals) = postSolution
		SolutionGuid = {33627456-A96F-42D7-BAB0-2AF592E12CC3}
	EndGlobalSection
EndGlobal
