
Microsoft Visual Studio Solution File, Format Version 12.00
# Visual Studio 15
VisualStudioVersion = 15.0.28307.168
MinimumVisualStudioVersion = 10.0.40219.1
Project("{FAE04EC0-301F-11D3-BF4B-00C04F79EFBC}") = "QueryableVsEnumerable", "QueryableVsEnumerable\QueryableVsEnumerable.csproj", "{3503BD2F-EDB6-4289-9621-A15D6164A9C0}"
EndProject
Global
	GlobalSection(SolutionConfigurationPlatforms) = preSolution
		Debug|Any CPU = Debug|Any CPU
		Release|Any CPU = Release|Any CPU
	EndGlobalSection
	GlobalSection(ProjectConfigurationPlatforms) = postSolution
		{3503BD2F-EDB6-4289-9621-A15D6164A9C0}.Debug|Any CPU.ActiveCfg = Debug|Any CPU
		{3503BD2F-EDB6-4289-9621-A15D6164A9C0}.Debug|Any CPU.Build.0 = Debug|Any CPU
		{3503BD2F-EDB6-4289-9621-A15D6164A9C0}.Release|Any CPU.ActiveCfg = Release|Any CPU
		{3503BD2F-EDB6-4289-9621-A15D6164A9C0}.Release|Any CPU.Build.0 = Release|Any CPU
	EndGlobalSection
	GlobalSection(SolutionProperties) = preSolution
		HideSolutionNode = FALSE
	EndGlobalSection
	GlobalSection(ExtensibilityGlobals) = postSolution
		SolutionGuid = {FF2CD41A-756E-423D-B32D-A226055605BD}
	EndGlobalSection
EndGlobal
