
Microsoft Visual Studio Solution File, Format Version 12.00
# Visual Studio 15
VisualStudioVersion = 15.0.28307.168
MinimumVisualStudioVersion = 10.0.40219.1
Project("{FAE04EC0-301F-11D3-BF4B-00C04F79EFBC}") = "ThreadSynchronization", "ThreadSynchronization\ThreadSynchronization.csproj", "{C256B39B-FD21-443B-9C9D-B2DBB7F0D107}"
EndProject
Global
	GlobalSection(SolutionConfigurationPlatforms) = preSolution
		Debug|Any CPU = Debug|Any CPU
		Release|Any CPU = Release|Any CPU
	EndGlobalSection
	GlobalSection(ProjectConfigurationPlatforms) = postSolution
		{C256B39B-FD21-443B-9C9D-B2DBB7F0D107}.Debug|Any CPU.ActiveCfg = Debug|Any CPU
		{C256B39B-FD21-443B-9C9D-B2DBB7F0D107}.Debug|Any CPU.Build.0 = Debug|Any CPU
		{C256B39B-FD21-443B-9C9D-B2DBB7F0D107}.Release|Any CPU.ActiveCfg = Release|Any CPU
		{C256B39B-FD21-443B-9C9D-B2DBB7F0D107}.Release|Any CPU.Build.0 = Release|Any CPU
	EndGlobalSection
	GlobalSection(SolutionProperties) = preSolution
		HideSolutionNode = FALSE
	EndGlobalSection
	GlobalSection(ExtensibilityGlobals) = postSolution
		SolutionGuid = {C9EE74A2-F7FC-469D-86DB-AD4BFE2CE552}
	EndGlobalSection
EndGlobal
