
Microsoft Visual Studio Solution File, Format Version 12.00
# Visual Studio 15
VisualStudioVersion = 15.0.28307.168
MinimumVisualStudioVersion = 10.0.40219.1
Project("{FAE04EC0-301F-11D3-BF4B-00C04F79EFBC}") = "BestCs6Features", "BestCs6Features\BestCs6Features.csproj", "{BE7FC19B-B54F-442B-B001-819188FEB852}"
EndProject
Global
	GlobalSection(SolutionConfigurationPlatforms) = preSolution
		Debug|Any CPU = Debug|Any CPU
		Release|Any CPU = Release|Any CPU
	EndGlobalSection
	GlobalSection(ProjectConfigurationPlatforms) = postSolution
		{BE7FC19B-B54F-442B-B001-819188FEB852}.Debug|Any CPU.ActiveCfg = Debug|Any CPU
		{BE7FC19B-B54F-442B-B001-819188FEB852}.Debug|Any CPU.Build.0 = Debug|Any CPU
		{BE7FC19B-B54F-442B-B001-819188FEB852}.Release|Any CPU.ActiveCfg = Release|Any CPU
		{BE7FC19B-B54F-442B-B001-819188FEB852}.Release|Any CPU.Build.0 = Release|Any CPU
	EndGlobalSection
	GlobalSection(SolutionProperties) = preSolution
		HideSolutionNode = FALSE
	EndGlobalSection
	GlobalSection(ExtensibilityGlobals) = postSolution
		SolutionGuid = {A1193749-0136-4948-BD9E-8875E90A9E32}
	EndGlobalSection
EndGlobal
