
Microsoft Visual Studio Solution File, Format Version 12.00
# Visual Studio 15
VisualStudioVersion = 15.0.28307.168
MinimumVisualStudioVersion = 10.0.40219.1
Project("{FAE04EC0-301F-11D3-BF4B-00C04F79EFBC}") = "ParametersByReference", "ParametersByReference\ParametersByReference.csproj", "{A822885E-87BD-45FB-B7E9-1746DCD44768}"
EndProject
Global
	GlobalSection(SolutionConfigurationPlatforms) = preSolution
		Debug|Any CPU = Debug|Any CPU
		Release|Any CPU = Release|Any CPU
	EndGlobalSection
	GlobalSection(ProjectConfigurationPlatforms) = postSolution
		{A822885E-87BD-45FB-B7E9-1746DCD44768}.Debug|Any CPU.ActiveCfg = Debug|Any CPU
		{A822885E-87BD-45FB-B7E9-1746DCD44768}.Debug|Any CPU.Build.0 = Debug|Any CPU
		{A822885E-87BD-45FB-B7E9-1746DCD44768}.Release|Any CPU.ActiveCfg = Release|Any CPU
		{A822885E-87BD-45FB-B7E9-1746DCD44768}.Release|Any CPU.Build.0 = Release|Any CPU
	EndGlobalSection
	GlobalSection(SolutionProperties) = preSolution
		HideSolutionNode = FALSE
	EndGlobalSection
	GlobalSection(ExtensibilityGlobals) = postSolution
		SolutionGuid = {D8A646E8-BB02-4A06-A620-081A369F04B6}
	EndGlobalSection
EndGlobal
