
Microsoft Visual Studio Solution File, Format Version 12.00
# Visual Studio 15
VisualStudioVersion = 15.0.28307.168
MinimumVisualStudioVersion = 10.0.40219.1
Project("{FAE04EC0-301F-11D3-BF4B-00C04F79EFBC}") = "IEnumerableInterface", "IEnumerableInterface\IEnumerableInterface.csproj", "{FF65218A-4379-4610-91B3-7C8EC8231F45}"
EndProject
Global
	GlobalSection(SolutionConfigurationPlatforms) = preSolution
		Debug|Any CPU = Debug|Any CPU
		Release|Any CPU = Release|Any CPU
	EndGlobalSection
	GlobalSection(ProjectConfigurationPlatforms) = postSolution
		{FF65218A-4379-4610-91B3-7C8EC8231F45}.Debug|Any CPU.ActiveCfg = Debug|Any CPU
		{FF65218A-4379-4610-91B3-7C8EC8231F45}.Debug|Any CPU.Build.0 = Debug|Any CPU
		{FF65218A-4379-4610-91B3-7C8EC8231F45}.Release|Any CPU.ActiveCfg = Release|Any CPU
		{FF65218A-4379-4610-91B3-7C8EC8231F45}.Release|Any CPU.Build.0 = Release|Any CPU
	EndGlobalSection
	GlobalSection(SolutionProperties) = preSolution
		HideSolutionNode = FALSE
	EndGlobalSection
	GlobalSection(ExtensibilityGlobals) = postSolution
		SolutionGuid = {CCB14251-5E19-4997-9844-45ACF6238E26}
	EndGlobalSection
EndGlobal
