
Microsoft Visual Studio Solution File, Format Version 12.00
# Visual Studio 15
VisualStudioVersion = 15.0.28307.168
MinimumVisualStudioVersion = 10.0.40219.1
Project("{FAE04EC0-301F-11D3-BF4B-00C04F79EFBC}") = "GenericCodeImprovements", "GenericCodeImprovements\GenericCodeImprovements.csproj", "{37D43593-7AEF-4A6A-ABB4-E70745138455}"
EndProject
Global
	GlobalSection(SolutionConfigurationPlatforms) = preSolution
		Debug|Any CPU = Debug|Any CPU
		Release|Any CPU = Release|Any CPU
	EndGlobalSection
	GlobalSection(ProjectConfigurationPlatforms) = postSolution
		{37D43593-7AEF-4A6A-ABB4-E70745138455}.Debug|Any CPU.ActiveCfg = Debug|Any CPU
		{37D43593-7AEF-4A6A-ABB4-E70745138455}.Debug|Any CPU.Build.0 = Debug|Any CPU
		{37D43593-7AEF-4A6A-ABB4-E70745138455}.Release|Any CPU.ActiveCfg = Release|Any CPU
		{37D43593-7AEF-4A6A-ABB4-E70745138455}.Release|Any CPU.Build.0 = Release|Any CPU
	EndGlobalSection
	GlobalSection(SolutionProperties) = preSolution
		HideSolutionNode = FALSE
	EndGlobalSection
	GlobalSection(ExtensibilityGlobals) = postSolution
		SolutionGuid = {A9CE35B1-5C73-4401-BC9E-D11FB6E4CC77}
	EndGlobalSection
EndGlobal
