
Microsoft Visual Studio Solution File, Format Version 12.00
# Visual Studio 15
VisualStudioVersion = 15.0.28307.168
MinimumVisualStudioVersion = 10.0.40219.1
Project("{FAE04EC0-301F-11D3-BF4B-00C04F79EFBC}") = "NullableTypes", "NullableTypes\NullableTypes.csproj", "{E5F84E59-775D-4295-93CC-E0E52C6363DA}"
EndProject
Global
	GlobalSection(SolutionConfigurationPlatforms) = preSolution
		Debug|Any CPU = Debug|Any CPU
		Release|Any CPU = Release|Any CPU
	EndGlobalSection
	GlobalSection(ProjectConfigurationPlatforms) = postSolution
		{E5F84E59-775D-4295-93CC-E0E52C6363DA}.Debug|Any CPU.ActiveCfg = Debug|Any CPU
		{E5F84E59-775D-4295-93CC-E0E52C6363DA}.Debug|Any CPU.Build.0 = Debug|Any CPU
		{E5F84E59-775D-4295-93CC-E0E52C6363DA}.Release|Any CPU.ActiveCfg = Release|Any CPU
		{E5F84E59-775D-4295-93CC-E0E52C6363DA}.Release|Any CPU.Build.0 = Release|Any CPU
	EndGlobalSection
	GlobalSection(SolutionProperties) = preSolution
		HideSolutionNode = FALSE
	EndGlobalSection
	GlobalSection(ExtensibilityGlobals) = postSolution
		SolutionGuid = {01BF93EF-3992-4258-B25F-124FF93FD7A1}
	EndGlobalSection
EndGlobal
