
Microsoft Visual Studio Solution File, Format Version 12.00
# Visual Studio 15
VisualStudioVersion = 15.0.28307.168
MinimumVisualStudioVersion = 10.0.40219.1
Project("{FAE04EC0-301F-11D3-BF4B-00C04F79EFBC}") = "ValuesByReference", "ValuesByReference\ValuesByReference.csproj", "{AC34392E-84A0-42D6-9AF6-D88B6AD4D5EA}"
EndProject
Global
	GlobalSection(SolutionConfigurationPlatforms) = preSolution
		Debug|Any CPU = Debug|Any CPU
		Release|Any CPU = Release|Any CPU
	EndGlobalSection
	GlobalSection(ProjectConfigurationPlatforms) = postSolution
		{AC34392E-84A0-42D6-9AF6-D88B6AD4D5EA}.Debug|Any CPU.ActiveCfg = Debug|Any CPU
		{AC34392E-84A0-42D6-9AF6-D88B6AD4D5EA}.Debug|Any CPU.Build.0 = Debug|Any CPU
		{AC34392E-84A0-42D6-9AF6-D88B6AD4D5EA}.Release|Any CPU.ActiveCfg = Release|Any CPU
		{AC34392E-84A0-42D6-9AF6-D88B6AD4D5EA}.Release|Any CPU.Build.0 = Release|Any CPU
	EndGlobalSection
	GlobalSection(SolutionProperties) = preSolution
		HideSolutionNode = FALSE
	EndGlobalSection
	GlobalSection(ExtensibilityGlobals) = postSolution
		SolutionGuid = {3C3CD3E9-2767-43A0-B974-59C662895EA8}
	EndGlobalSection
EndGlobal
