
Microsoft Visual Studio Solution File, Format Version 12.00
# Visual Studio 15
VisualStudioVersion = 15.0.28307.168
MinimumVisualStudioVersion = 10.0.40219.1
Project("{FAE04EC0-301F-11D3-BF4B-00C04F79EFBC}") = "LinqAggregation", "LinqAggregation\LinqAggregation.csproj", "{8F8C6B27-9BD0-420B-B8CA-C48C649FDD62}"
EndProject
Global
	GlobalSection(SolutionConfigurationPlatforms) = preSolution
		Debug|Any CPU = Debug|Any CPU
		Release|Any CPU = Release|Any CPU
	EndGlobalSection
	GlobalSection(ProjectConfigurationPlatforms) = postSolution
		{8F8C6B27-9BD0-420B-B8CA-C48C649FDD62}.Debug|Any CPU.ActiveCfg = Debug|Any CPU
		{8F8C6B27-9BD0-420B-B8CA-C48C649FDD62}.Debug|Any CPU.Build.0 = Debug|Any CPU
		{8F8C6B27-9BD0-420B-B8CA-C48C649FDD62}.Release|Any CPU.ActiveCfg = Release|Any CPU
		{8F8C6B27-9BD0-420B-B8CA-C48C649FDD62}.Release|Any CPU.Build.0 = Release|Any CPU
	EndGlobalSection
	GlobalSection(SolutionProperties) = preSolution
		HideSolutionNode = FALSE
	EndGlobalSection
	GlobalSection(ExtensibilityGlobals) = postSolution
		SolutionGuid = {E0D294A3-D559-4DB9-B0CC-07072C8273E0}
	EndGlobalSection
EndGlobal
