
Microsoft Visual Studio Solution File, Format Version 12.00
# Visual Studio 15
VisualStudioVersion = 15.0.28307.168
MinimumVisualStudioVersion = 10.0.40219.1
Project("{FAE04EC0-301F-11D3-BF4B-00C04F79EFBC}") = "AutoImplementedProperties", "AutoImplementedProperties\AutoImplementedProperties.csproj", "{DC4718E0-21B9-4ED7-A3DB-971BE1604796}"
EndProject
Global
	GlobalSection(SolutionConfigurationPlatforms) = preSolution
		Debug|Any CPU = Debug|Any CPU
		Release|Any CPU = Release|Any CPU
	EndGlobalSection
	GlobalSection(ProjectConfigurationPlatforms) = postSolution
		{DC4718E0-21B9-4ED7-A3DB-971BE1604796}.Debug|Any CPU.ActiveCfg = Debug|Any CPU
		{DC4718E0-21B9-4ED7-A3DB-971BE1604796}.Debug|Any CPU.Build.0 = Debug|Any CPU
		{DC4718E0-21B9-4ED7-A3DB-971BE1604796}.Release|Any CPU.ActiveCfg = Release|Any CPU
		{DC4718E0-21B9-4ED7-A3DB-971BE1604796}.Release|Any CPU.Build.0 = Release|Any CPU
	EndGlobalSection
	GlobalSection(SolutionProperties) = preSolution
		HideSolutionNode = FALSE
	EndGlobalSection
	GlobalSection(ExtensibilityGlobals) = postSolution
		SolutionGuid = {74435431-4D8E-4259-B2E2-3DF3B6EC4F3C}
	EndGlobalSection
EndGlobal
