
Microsoft Visual Studio Solution File, Format Version 12.00
# Visual Studio 15
VisualStudioVersion = 15.0.28307.168
MinimumVisualStudioVersion = 10.0.40219.1
Project("{FAE04EC0-301F-11D3-BF4B-00C04F79EFBC}") = "ArraysAndCollections", "ArraysAndCollections\ArraysAndCollections.csproj", "{C7CB4368-35DE-49B3-BC3E-1242DF7C9DA4}"
EndProject
Global
	GlobalSection(SolutionConfigurationPlatforms) = preSolution
		Debug|Any CPU = Debug|Any CPU
		Release|Any CPU = Release|Any CPU
	EndGlobalSection
	GlobalSection(ProjectConfigurationPlatforms) = postSolution
		{C7CB4368-35DE-49B3-BC3E-1242DF7C9DA4}.Debug|Any CPU.ActiveCfg = Debug|Any CPU
		{C7CB4368-35DE-49B3-BC3E-1242DF7C9DA4}.Debug|Any CPU.Build.0 = Debug|Any CPU
		{C7CB4368-35DE-49B3-BC3E-1242DF7C9DA4}.Release|Any CPU.ActiveCfg = Release|Any CPU
		{C7CB4368-35DE-49B3-BC3E-1242DF7C9DA4}.Release|Any CPU.Build.0 = Release|Any CPU
	EndGlobalSection
	GlobalSection(SolutionProperties) = preSolution
		HideSolutionNode = FALSE
	EndGlobalSection
	GlobalSection(ExtensibilityGlobals) = postSolution
		SolutionGuid = {E676C0D8-484C-4383-AE55-9AA8FB61B59B}
	EndGlobalSection
EndGlobal
