
Microsoft Visual Studio Solution File, Format Version 12.00
# Visual Studio 15
VisualStudioVersion = 15.0.28307.168
MinimumVisualStudioVersion = 10.0.40219.1
Project("{FAE04EC0-301F-11D3-BF4B-00C04F79EFBC}") = "Polymorphism", "Polymorphism\Polymorphism.csproj", "{9D785D1A-D87B-4C07-B25C-ED2D56683050}"
EndProject
Global
	GlobalSection(SolutionConfigurationPlatforms) = preSolution
		Debug|Any CPU = Debug|Any CPU
		Release|Any CPU = Release|Any CPU
	EndGlobalSection
	GlobalSection(ProjectConfigurationPlatforms) = postSolution
		{9D785D1A-D87B-4C07-B25C-ED2D56683050}.Debug|Any CPU.ActiveCfg = Debug|Any CPU
		{9D785D1A-D87B-4C07-B25C-ED2D56683050}.Debug|Any CPU.Build.0 = Debug|Any CPU
		{9D785D1A-D87B-4C07-B25C-ED2D56683050}.Release|Any CPU.ActiveCfg = Release|Any CPU
		{9D785D1A-D87B-4C07-B25C-ED2D56683050}.Release|Any CPU.Build.0 = Release|Any CPU
	EndGlobalSection
	GlobalSection(SolutionProperties) = preSolution
		HideSolutionNode = FALSE
	EndGlobalSection
	GlobalSection(ExtensibilityGlobals) = postSolution
		SolutionGuid = {BA42102C-31FB-4D5F-A91D-FD6F93213432}
	EndGlobalSection
EndGlobal
