
Microsoft Visual Studio Solution File, Format Version 12.00
# Visual Studio 15
VisualStudioVersion = 15.0.28307.168
MinimumVisualStudioVersion = 10.0.40219.1
Project("{FAE04EC0-301F-11D3-BF4B-00C04F79EFBC}") = "ExtensionMethods", "ExtensionMethods\ExtensionMethods.csproj", "{1419CFC9-8F30-4923-94AA-5D8D8FD76A23}"
EndProject
Global
	GlobalSection(SolutionConfigurationPlatforms) = preSolution
		Debug|Any CPU = Debug|Any CPU
		Release|Any CPU = Release|Any CPU
	EndGlobalSection
	GlobalSection(ProjectConfigurationPlatforms) = postSolution
		{1419CFC9-8F30-4923-94AA-5D8D8FD76A23}.Debug|Any CPU.ActiveCfg = Debug|Any CPU
		{1419CFC9-8F30-4923-94AA-5D8D8FD76A23}.Debug|Any CPU.Build.0 = Debug|Any CPU
		{1419CFC9-8F30-4923-94AA-5D8D8FD76A23}.Release|Any CPU.ActiveCfg = Release|Any CPU
		{1419CFC9-8F30-4923-94AA-5D8D8FD76A23}.Release|Any CPU.Build.0 = Release|Any CPU
	EndGlobalSection
	GlobalSection(SolutionProperties) = preSolution
		HideSolutionNode = FALSE
	EndGlobalSection
	GlobalSection(ExtensibilityGlobals) = postSolution
		SolutionGuid = {0D0060DE-3797-4EDC-BD29-5BCA4C7AB414}
	EndGlobalSection
EndGlobal
