
Microsoft Visual Studio Solution File, Format Version 12.00
# Visual Studio 15
VisualStudioVersion = 15.0.28307.168
MinimumVisualStudioVersion = 10.0.40219.1
Project("{9A19103F-16F7-4668-BE54-9A1E7A4F7556}") = "Timers", "Timers\Timers.csproj", "{06B932D8-E64E-44E9-924C-6E892DB556D9}"
EndProject
Project("{FAE04EC0-301F-11D3-BF4B-00C04F79EFBC}") = "WindowsFormsTimer", "WindowsFormsTimer\WindowsFormsTimer.csproj", "{073755EE-EB0A-4210-B4AE-4647E9BF47D4}"
EndProject
Project("{FAE04EC0-301F-11D3-BF4B-00C04F79EFBC}") = "WpfTimer", "WpfTimer\WpfTimer.csproj", "{3A14198C-980B-40BD-9669-BC74C7E9DE2C}"
EndProject
Global
	GlobalSection(SolutionConfigurationPlatforms) = preSolution
		Debug|Any CPU = Debug|Any CPU
		Release|Any CPU = Release|Any CPU
	EndGlobalSection
	GlobalSection(ProjectConfigurationPlatforms) = postSolution
		{06B932D8-E64E-44E9-924C-6E892DB556D9}.Debug|Any CPU.ActiveCfg = Debug|Any CPU
		{06B932D8-E64E-44E9-924C-6E892DB556D9}.Debug|Any CPU.Build.0 = Debug|Any CPU
		{06B932D8-E64E-44E9-924C-6E892DB556D9}.Release|Any CPU.ActiveCfg = Release|Any CPU
		{06B932D8-E64E-44E9-924C-6E892DB556D9}.Release|Any CPU.Build.0 = Release|Any CPU
		{073755EE-EB0A-4210-B4AE-4647E9BF47D4}.Debug|Any CPU.ActiveCfg = Debug|Any CPU
		{073755EE-EB0A-4210-B4AE-4647E9BF47D4}.Debug|Any CPU.Build.0 = Debug|Any CPU
		{073755EE-EB0A-4210-B4AE-4647E9BF47D4}.Release|Any CPU.ActiveCfg = Release|Any CPU
		{073755EE-EB0A-4210-B4AE-4647E9BF47D4}.Release|Any CPU.Build.0 = Release|Any CPU
		{3A14198C-980B-40BD-9669-BC74C7E9DE2C}.Debug|Any CPU.ActiveCfg = Debug|Any CPU
		{3A14198C-980B-40BD-9669-BC74C7E9DE2C}.Debug|Any CPU.Build.0 = Debug|Any CPU
		{3A14198C-980B-40BD-9669-BC74C7E9DE2C}.Release|Any CPU.ActiveCfg = Release|Any CPU
		{3A14198C-980B-40BD-9669-BC74C7E9DE2C}.Release|Any CPU.Build.0 = Release|Any CPU
	EndGlobalSection
	GlobalSection(SolutionProperties) = preSolution
		HideSolutionNode = FALSE
	EndGlobalSection
	GlobalSection(ExtensibilityGlobals) = postSolution
		SolutionGuid = {4C8FD5A0-2204-4C48-A3B7-81E556E5C668}
	EndGlobalSection
EndGlobal
