
Microsoft Visual Studio Solution File, Format Version 12.00
# Visual Studio 15
VisualStudioVersion = 15.0.28307.168
MinimumVisualStudioVersion = 10.0.40219.1
Project("{FAE04EC0-301F-11D3-BF4B-00C04F79EFBC}") = "NewModifier", "NewModifier\NewModifier.csproj", "{BFBEB9DE-8165-4365-8FCB-DDA86E037FA0}"
EndProject
Global
	GlobalSection(SolutionConfigurationPlatforms) = preSolution
		Debug|Any CPU = Debug|Any CPU
		Release|Any CPU = Release|Any CPU
	EndGlobalSection
	GlobalSection(ProjectConfigurationPlatforms) = postSolution
		{BFBEB9DE-8165-4365-8FCB-DDA86E037FA0}.Debug|Any CPU.ActiveCfg = Debug|Any CPU
		{BFBEB9DE-8165-4365-8FCB-DDA86E037FA0}.Debug|Any CPU.Build.0 = Debug|Any CPU
		{BFBEB9DE-8165-4365-8FCB-DDA86E037FA0}.Release|Any CPU.ActiveCfg = Release|Any CPU
		{BFBEB9DE-8165-4365-8FCB-DDA86E037FA0}.Release|Any CPU.Build.0 = Release|Any CPU
	EndGlobalSection
	GlobalSection(SolutionProperties) = preSolution
		HideSolutionNode = FALSE
	EndGlobalSection
	GlobalSection(ExtensibilityGlobals) = postSolution
		SolutionGuid = {36606246-4F9F-4209-B741-59D233AA7642}
	EndGlobalSection
EndGlobal
