
Microsoft Visual Studio Solution File, Format Version 12.00
# Visual Studio 15
VisualStudioVersion = 15.0.28307.168
MinimumVisualStudioVersion = 10.0.40219.1
Project("{FAE04EC0-301F-11D3-BF4B-00C04F79EFBC}") = "LinqDeferredExecution", "LinqDeferredExecution\LinqDeferredExecution.csproj", "{FA183BE8-65EB-4F24-9908-20D0A3297705}"
EndProject
Global
	GlobalSection(SolutionConfigurationPlatforms) = preSolution
		Debug|Any CPU = Debug|Any CPU
		Release|Any CPU = Release|Any CPU
	EndGlobalSection
	GlobalSection(ProjectConfigurationPlatforms) = postSolution
		{FA183BE8-65EB-4F24-9908-20D0A3297705}.Debug|Any CPU.ActiveCfg = Debug|Any CPU
		{FA183BE8-65EB-4F24-9908-20D0A3297705}.Debug|Any CPU.Build.0 = Debug|Any CPU
		{FA183BE8-65EB-4F24-9908-20D0A3297705}.Release|Any CPU.ActiveCfg = Release|Any CPU
		{FA183BE8-65EB-4F24-9908-20D0A3297705}.Release|Any CPU.Build.0 = Release|Any CPU
	EndGlobalSection
	GlobalSection(SolutionProperties) = preSolution
		HideSolutionNode = FALSE
	EndGlobalSection
	GlobalSection(ExtensibilityGlobals) = postSolution
		SolutionGuid = {2BAD36F1-E3B9-4AF4-B4C1-62AB0D5BDB41}
	EndGlobalSection
EndGlobal
