
Microsoft Visual Studio Solution File, Format Version 12.00
# Visual Studio 15
VisualStudioVersion = 15.0.28307.168
MinimumVisualStudioVersion = 10.0.40219.1
Project("{FAE04EC0-301F-11D3-BF4B-00C04F79EFBC}") = "DelegatesAndEvents", "DelegatesAndEvents\DelegatesAndEvents.csproj", "{70F6CCBD-C7A5-4858-9BA1-D4E864AA3F82}"
EndProject
Global
	GlobalSection(SolutionConfigurationPlatforms) = preSolution
		Debug|Any CPU = Debug|Any CPU
		Release|Any CPU = Release|Any CPU
	EndGlobalSection
	GlobalSection(ProjectConfigurationPlatforms) = postSolution
		{70F6CCBD-C7A5-4858-9BA1-D4E864AA3F82}.Debug|Any CPU.ActiveCfg = Debug|Any CPU
		{70F6CCBD-C7A5-4858-9BA1-D4E864AA3F82}.Debug|Any CPU.Build.0 = Debug|Any CPU
		{70F6CCBD-C7A5-4858-9BA1-D4E864AA3F82}.Release|Any CPU.ActiveCfg = Release|Any CPU
		{70F6CCBD-C7A5-4858-9BA1-D4E864AA3F82}.Release|Any CPU.Build.0 = Release|Any CPU
	EndGlobalSection
	GlobalSection(SolutionProperties) = preSolution
		HideSolutionNode = FALSE
	EndGlobalSection
	GlobalSection(ExtensibilityGlobals) = postSolution
		SolutionGuid = {DF0E5952-A264-4CD0-A89C-4D81B1D624E3}
	EndGlobalSection
EndGlobal
