
Microsoft Visual Studio Solution File, Format Version 12.00
# Visual Studio 15
VisualStudioVersion = 15.0.28307.168
MinimumVisualStudioVersion = 10.0.40219.1
Project("{FAE04EC0-301F-11D3-BF4B-00C04F79EFBC}") = "Classes", "Classes\Classes.csproj", "{70AF3BF0-1CA4-4BBB-875A-0A5E86E2C32C}"
EndProject
Project("{FAE04EC0-301F-11D3-BF4B-00C04F79EFBC}") = "Structs", "Structs\Structs.csproj", "{0D5255D0-A342-47A8-A9DC-D5F82BF6E79E}"
EndProject
Project("{FAE04EC0-301F-11D3-BF4B-00C04F79EFBC}") = "ImmutableStructs", "ImmutableStructs\ImmutableStructs.csproj", "{6EBD5D11-35C9-4C3E-884C-3D2A66CF5C4F}"
EndProject
Global
	GlobalSection(SolutionConfigurationPlatforms) = preSolution
		Debug|Any CPU = Debug|Any CPU
		Release|Any CPU = Release|Any CPU
	EndGlobalSection
	GlobalSection(ProjectConfigurationPlatforms) = postSolution
		{70AF3BF0-1CA4-4BBB-875A-0A5E86E2C32C}.Debug|Any CPU.ActiveCfg = Debug|Any CPU
		{70AF3BF0-1CA4-4BBB-875A-0A5E86E2C32C}.Debug|Any CPU.Build.0 = Debug|Any CPU
		{70AF3BF0-1CA4-4BBB-875A-0A5E86E2C32C}.Release|Any CPU.ActiveCfg = Release|Any CPU
		{70AF3BF0-1CA4-4BBB-875A-0A5E86E2C32C}.Release|Any CPU.Build.0 = Release|Any CPU
		{0D5255D0-A342-47A8-A9DC-D5F82BF6E79E}.Debug|Any CPU.ActiveCfg = Debug|Any CPU
		{0D5255D0-A342-47A8-A9DC-D5F82BF6E79E}.Debug|Any CPU.Build.0 = Debug|Any CPU
		{0D5255D0-A342-47A8-A9DC-D5F82BF6E79E}.Release|Any CPU.ActiveCfg = Release|Any CPU
		{0D5255D0-A342-47A8-A9DC-D5F82BF6E79E}.Release|Any CPU.Build.0 = Release|Any CPU
		{6EBD5D11-35C9-4C3E-884C-3D2A66CF5C4F}.Debug|Any CPU.ActiveCfg = Debug|Any CPU
		{6EBD5D11-35C9-4C3E-884C-3D2A66CF5C4F}.Debug|Any CPU.Build.0 = Debug|Any CPU
		{6EBD5D11-35C9-4C3E-884C-3D2A66CF5C4F}.Release|Any CPU.ActiveCfg = Release|Any CPU
		{6EBD5D11-35C9-4C3E-884C-3D2A66CF5C4F}.Release|Any CPU.Build.0 = Release|Any CPU
	EndGlobalSection
	GlobalSection(SolutionProperties) = preSolution
		HideSolutionNode = FALSE
	EndGlobalSection
	GlobalSection(ExtensibilityGlobals) = postSolution
		SolutionGuid = {E4A76A31-2D4F-4E74-9C56-0B5CA2CC8FE7}
	EndGlobalSection
EndGlobal
