
Microsoft Visual Studio Solution File, Format Version 12.00
# Visual Studio 15
VisualStudioVersion = 15.0.28307.168
MinimumVisualStudioVersion = 10.0.40219.1
Project("{FAE04EC0-301F-11D3-BF4B-00C04F79EFBC}") = "LinqMethodSyntax", "LinqMethodSyntax\LinqMethodSyntax.csproj", "{1D709EC3-2B36-4512-93AB-955EE032BF50}"
EndProject
Global
	GlobalSection(SolutionConfigurationPlatforms) = preSolution
		Debug|Any CPU = Debug|Any CPU
		Release|Any CPU = Release|Any CPU
	EndGlobalSection
	GlobalSection(ProjectConfigurationPlatforms) = postSolution
		{1D709EC3-2B36-4512-93AB-955EE032BF50}.Debug|Any CPU.ActiveCfg = Debug|Any CPU
		{1D709EC3-2B36-4512-93AB-955EE032BF50}.Debug|Any CPU.Build.0 = Debug|Any CPU
		{1D709EC3-2B36-4512-93AB-955EE032BF50}.Release|Any CPU.ActiveCfg = Release|Any CPU
		{1D709EC3-2B36-4512-93AB-955EE032BF50}.Release|Any CPU.Build.0 = Release|Any CPU
	EndGlobalSection
	GlobalSection(SolutionProperties) = preSolution
		HideSolutionNode = FALSE
	EndGlobalSection
	GlobalSection(ExtensibilityGlobals) = postSolution
		SolutionGuid = {5C443EF5-AF8A-421C-86E3-887B58E9E3C2}
	EndGlobalSection
EndGlobal
