
Microsoft Visual Studio Solution File, Format Version 12.00
# Visual Studio 15
VisualStudioVersion = 15.0.28307.168
MinimumVisualStudioVersion = 10.0.40219.1
Project("{FAE04EC0-301F-11D3-BF4B-00C04F79EFBC}") = "DynamicBinding", "DynamicBinding\DynamicBinding.csproj", "{54349B01-4E58-4BBE-8223-2D0B06AB1D4F}"
EndProject
Global
	GlobalSection(SolutionConfigurationPlatforms) = preSolution
		Debug|Any CPU = Debug|Any CPU
		Release|Any CPU = Release|Any CPU
	EndGlobalSection
	GlobalSection(ProjectConfigurationPlatforms) = postSolution
		{54349B01-4E58-4BBE-8223-2D0B06AB1D4F}.Debug|Any CPU.ActiveCfg = Debug|Any CPU
		{54349B01-4E58-4BBE-8223-2D0B06AB1D4F}.Debug|Any CPU.Build.0 = Debug|Any CPU
		{54349B01-4E58-4BBE-8223-2D0B06AB1D4F}.Release|Any CPU.ActiveCfg = Release|Any CPU
		{54349B01-4E58-4BBE-8223-2D0B06AB1D4F}.Release|Any CPU.Build.0 = Release|Any CPU
	EndGlobalSection
	GlobalSection(SolutionProperties) = preSolution
		HideSolutionNode = FALSE
	EndGlobalSection
	GlobalSection(ExtensibilityGlobals) = postSolution
		SolutionGuid = {E2A5009C-8AB3-451B-BC5D-F8DBE9F8C48C}
	EndGlobalSection
EndGlobal
